
Microsoft Visual Studio Solution File, Format Version 12.00
# Visual Studio Version 17
VisualStudioVersion = 17.0.31919.166
MinimumVisualStudioVersion = 10.0.40219.1
Project("{FAE04EC0-301F-11D3-BF4B-00C04F79EFBC}") = "ExampleJsonObject", "ExampleJsonObject.csproj", "{4AC0501C-00D3-47C8-A362-2196762633D2}"
EndProject
Global
	GlobalSection(SolutionConfigurationPlatforms) = preSolution
		Debug|Any CPU = Debug|Any CPU
		Release|Any CPU = Release|Any CPU
	EndGlobalSection
	GlobalSection(ProjectConfigurationPlatforms) = postSolution
		{4AC0501C-00D3-47C8-A362-2196762633D2}.Debug|Any CPU.ActiveCfg = Debug|Any CPU
		{4AC0501C-00D3-47C8-A362-2196762633D2}.Debug|Any CPU.Build.0 = Debug|Any CPU
		{4AC0501C-00D3-47C8-A362-2196762633D2}.Release|Any CPU.ActiveCfg = Release|Any CPU
		{4AC0501C-00D3-47C8-A362-2196762633D2}.Release|Any CPU.Build.0 = Release|Any CPU
	EndGlobalSection
	GlobalSection(SolutionProperties) = preSolution
		HideSolutionNode = FALSE
	EndGlobalSection
	GlobalSection(ExtensibilityGlobals) = postSolution
		SolutionGuid = {99D02556-B876-48A1-85E6-6ECDDBA2AE74}
	EndGlobalSection
EndGlobal
